
Microsoft Visual Studio Solution File, Format Version 12.00
# Visual Studio 14
VisualStudioVersion = 14.0.25420.1
MinimumVisualStudioVersion = 10.0.40219.1
Project("{FAE04EC0-301F-11D3-BF4B-00C04F79EFBC}") = "server", "server\server.csproj", "{48D28FB9-F737-40EC-B829-127C706C72D3}"
EndProject
Project("{FAE04EC0-301F-11D3-BF4B-00C04F79EFBC}") = "client", "client\client.csproj", "{822AAF27-9523-4F88-BDCB-A5F80315A88D}"
EndProject
Global
	GlobalSection(SolutionConfigurationPlatforms) = preSolution
		Debug|Any CPU = Debug|Any CPU
		Release|Any CPU = Release|Any CPU
	EndGlobalSection
	GlobalSection(ProjectConfigurationPlatforms) = postSolution
		{48D28FB9-F737-40EC-B829-127C706C72D3}.Debug|Any CPU.ActiveCfg = Debug|Any CPU
		{48D28FB9-F737-40EC-B829-127C706C72D3}.Debug|Any CPU.Build.0 = Debug|Any CPU
		{48D28FB9-F737-40EC-B829-127C706C72D3}.Release|Any CPU.ActiveCfg = Release|Any CPU
		{48D28FB9-F737-40EC-B829-127C706C72D3}.Release|Any CPU.Build.0 = Release|Any CPU
		{822AAF27-9523-4F88-BDCB-A5F80315A88D}.Debug|Any CPU.ActiveCfg = Debug|Any CPU
		{822AAF27-9523-4F88-BDCB-A5F80315A88D}.Debug|Any CPU.Build.0 = Debug|Any CPU
		{822AAF27-9523-4F88-BDCB-A5F80315A88D}.Release|Any CPU.ActiveCfg = Release|Any CPU
		{822AAF27-9523-4F88-BDCB-A5F80315A88D}.Release|Any CPU.Build.0 = Release|Any CPU
	EndGlobalSection
	GlobalSection(SolutionProperties) = preSolution
		HideSolutionNode = FALSE
	EndGlobalSection
EndGlobal
